
Microsoft Visual Studio Solution File, Format Version 12.00
# Visual Studio Version 17
VisualStudioVersion = 17.11.35312.102
MinimumVisualStudioVersion = 10.0.40219.1
Project("{FAE04EC0-301F-11D3-BF4B-00C04F79EFBC}") = "Polymorphism", "Polymorphism.csproj", "{C595A3E8-8BC9-4D65-BC80-6E8CE44F1677}"
EndProject
Global
	GlobalSection(SolutionConfigurationPlatforms) = preSolution
		Debug|Any CPU = Debug|Any CPU
		Release|Any CPU = Release|Any CPU
	EndGlobalSection
	GlobalSection(ProjectConfigurationPlatforms) = postSolution
		{C595A3E8-8BC9-4D65-BC80-6E8CE44F1677}.Debug|Any CPU.ActiveCfg = Debug|Any CPU
		{C595A3E8-8BC9-4D65-BC80-6E8CE44F1677}.Debug|Any CPU.Build.0 = Debug|Any CPU
		{C595A3E8-8BC9-4D65-BC80-6E8CE44F1677}.Release|Any CPU.ActiveCfg = Release|Any CPU
		{C595A3E8-8BC9-4D65-BC80-6E8CE44F1677}.Release|Any CPU.Build.0 = Release|Any CPU
	EndGlobalSection
	GlobalSection(SolutionProperties) = preSolution
		HideSolutionNode = FALSE
	EndGlobalSection
	GlobalSection(ExtensibilityGlobals) = postSolution
		SolutionGuid = {BE9BCA71-A26D-48C4-A25F-3CEEAEA7F4DB}
	EndGlobalSection
EndGlobal
